
Microsoft Visual Studio Solution File, Format Version 12.00
# Visual Studio Version 17
VisualStudioVersion = 17.6.33829.357
MinimumVisualStudioVersion = 10.0.40219.1
Project("{8BC9CEB8-8B4A-11D0-8D11-00A0C91BC942}") = "ANAGEMENT_SYSTEM_IN_THE_BANKING_SECTOR(client)", "ANAGEMENT_SYSTEM_IN_THE_BANKING_SECTOR(client)\ANAGEMENT_SYSTEM_IN_THE_BANKING_SECTOR(client).vcxproj", "{9061EC7D-3B79-4638-9601-2CC65C3EDC11}"
EndProject
Project("{8BC9CEB8-8B4A-11D0-8D11-00A0C91BC942}") = "ANAGEMENT_SYSTEM_IN_THE_BANKING_SECTOR(server)", "ANAGEMENT_SYSTEM_IN_THE_BANKING_SECTOR(server)\ANAGEMENT_SYSTEM_IN_THE_BANKING_SECTOR(server).vcxproj", "{DBCACB15-6B7B-41A4-A72D-445F86ACF89B}"
EndProject
Project("{8BC9CEB8-8B4A-11D0-8D11-00A0C91BC942}") = "client3.0", "client3.0\client3.0.vcxproj", "{EB66977D-503C-40AD-AD27-9BF80CC10549}"
EndProject
Project("{8BC9CEB8-8B4A-11D0-8D11-00A0C91BC942}") = "server3.0", "server3.0\server3.0.vcxproj", "{6159A759-5E05-4328-A248-CA37E282DEBD}"
EndProject
Project("{8BC9CEB8-8B4A-11D0-8D11-00A0C91BC942}") = "server_6.0", "server_6.0\server_6.0.vcxproj", "{E0E02B1D-4222-4AE3-84D8-0B39CB8B7D58}"
EndProject
Project("{8BC9CEB8-8B4A-11D0-8D11-00A0C91BC942}") = "client_6.0", "client_6.0\client_6.0.vcxproj", "{BD64AB20-2AAD-48A1-A37D-32D10C2D064B}"
EndProject
Project("{8BC9CEB8-8B4A-11D0-8D11-00A0C91BC942}") = "Client_7_0", "Client_7_0\Client_7_0.vcxproj", "{190F0D06-86B1-46C5-A4E2-3117029CB901}"
EndProject
Project("{8BC9CEB8-8B4A-11D0-8D11-00A0C91BC942}") = "server_7_0", "server_7_0\server_7_0.vcxproj", "{289BF056-DAF0-4FCB-9AE0-8C0EB915EBFD}"
EndProject
Global
	GlobalSection(SolutionConfigurationPlatforms) = preSolution
		Debug|x64 = Debug|x64
		Debug|x86 = Debug|x86
		Release|x64 = Release|x64
		Release|x86 = Release|x86
	EndGlobalSection
	GlobalSection(ProjectConfigurationPlatforms) = postSolution
		{9061EC7D-3B79-4638-9601-2CC65C3EDC11}.Debug|x64.ActiveCfg = Debug|x64
		{9061EC7D-3B79-4638-9601-2CC65C3EDC11}.Debug|x64.Build.0 = Debug|x64
		{9061EC7D-3B79-4638-9601-2CC65C3EDC11}.Debug|x86.ActiveCfg = Debug|Win32
		{9061EC7D-3B79-4638-9601-2CC65C3EDC11}.Debug|x86.Build.0 = Debug|Win32
		{9061EC7D-3B79-4638-9601-2CC65C3EDC11}.Release|x64.ActiveCfg = Release|x64
		{9061EC7D-3B79-4638-9601-2CC65C3EDC11}.Release|x64.Build.0 = Release|x64
		{9061EC7D-3B79-4638-9601-2CC65C3EDC11}.Release|x86.ActiveCfg = Release|Win32
		{9061EC7D-3B79-4638-9601-2CC65C3EDC11}.Release|x86.Build.0 = Release|Win32
		{DBCACB15-6B7B-41A4-A72D-445F86ACF89B}.Debug|x64.ActiveCfg = Debug|x64
		{DBCACB15-6B7B-41A4-A72D-445F86ACF89B}.Debug|x64.Build.0 = Debug|x64
		{DBCACB15-6B7B-41A4-A72D-445F86ACF89B}.Debug|x86.ActiveCfg = Debug|Win32
		{DBCACB15-6B7B-41A4-A72D-445F86ACF89B}.Debug|x86.Build.0 = Debug|Win32
		{DBCACB15-6B7B-41A4-A72D-445F86ACF89B}.Release|x64.ActiveCfg = Release|x64
		{DBCACB15-6B7B-41A4-A72D-445F86ACF89B}.Release|x64.Build.0 = Release|x64
		{DBCACB15-6B7B-41A4-A72D-445F86ACF89B}.Release|x86.ActiveCfg = Release|Win32
		{DBCACB15-6B7B-41A4-A72D-445F86ACF89B}.Release|x86.Build.0 = Release|Win32
		{EB66977D-503C-40AD-AD27-9BF80CC10549}.Debug|x64.ActiveCfg = Debug|x64
		{EB66977D-503C-40AD-AD27-9BF80CC10549}.Debug|x64.Build.0 = Debug|x64
		{EB66977D-503C-40AD-AD27-9BF80CC10549}.Debug|x86.ActiveCfg = Debug|Win32
		{EB66977D-503C-40AD-AD27-9BF80CC10549}.Debug|x86.Build.0 = Debug|Win32
		{EB66977D-503C-40AD-AD27-9BF80CC10549}.Release|x64.ActiveCfg = Release|x64
		{EB66977D-503C-40AD-AD27-9BF80CC10549}.Release|x64.Build.0 = Release|x64
		{EB66977D-503C-40AD-AD27-9BF80CC10549}.Release|x86.ActiveCfg = Release|Win32
		{EB66977D-503C-40AD-AD27-9BF80CC10549}.Release|x86.Build.0 = Release|Win32
		{6159A759-5E05-4328-A248-CA37E282DEBD}.Debug|x64.ActiveCfg = Debug|x64
		{6159A759-5E05-4328-A248-CA37E282DEBD}.Debug|x64.Build.0 = Debug|x64
		{6159A759-5E05-4328-A248-CA37E282DEBD}.Debug|x86.ActiveCfg = Debug|Win32
		{6159A759-5E05-4328-A248-CA37E282DEBD}.Debug|x86.Build.0 = Debug|Win32
		{6159A759-5E05-4328-A248-CA37E282DEBD}.Release|x64.ActiveCfg = Release|x64
		{6159A759-5E05-4328-A248-CA37E282DEBD}.Release|x64.Build.0 = Release|x64
		{6159A759-5E05-4328-A248-CA37E282DEBD}.Release|x86.ActiveCfg = Release|Win32
		{6159A759-5E05-4328-A248-CA37E282DEBD}.Release|x86.Build.0 = Release|Win32
		{E0E02B1D-4222-4AE3-84D8-0B39CB8B7D58}.Debug|x64.ActiveCfg = Debug|x64
		{E0E02B1D-4222-4AE3-84D8-0B39CB8B7D58}.Debug|x64.Build.0 = Debug|x64
		{E0E02B1D-4222-4AE3-84D8-0B39CB8B7D58}.Debug|x86.ActiveCfg = Debug|Win32
		{E0E02B1D-4222-4AE3-84D8-0B39CB8B7D58}.Debug|x86.Build.0 = Debug|Win32
		{E0E02B1D-4222-4AE3-84D8-0B39CB8B7D58}.Release|x64.ActiveCfg = Release|x64
		{E0E02B1D-4222-4AE3-84D8-0B39CB8B7D58}.Release|x64.Build.0 = Release|x64
		{E0E02B1D-4222-4AE3-84D8-0B39CB8B7D58}.Release|x86.ActiveCfg = Release|Win32
		{E0E02B1D-4222-4AE3-84D8-0B39CB8B7D58}.Release|x86.Build.0 = Release|Win32
		{BD64AB20-2AAD-48A1-A37D-32D10C2D064B}.Debug|x64.ActiveCfg = Debug|x64
		{BD64AB20-2AAD-48A1-A37D-32D10C2D064B}.Debug|x64.Build.0 = Debug|x64
		{BD64AB20-2AAD-48A1-A37D-32D10C2D064B}.Debug|x86.ActiveCfg = Debug|Win32
		{BD64AB20-2AAD-48A1-A37D-32D10C2D064B}.Debug|x86.Build.0 = Debug|Win32
		{BD64AB20-2AAD-48A1-A37D-32D10C2D064B}.Release|x64.ActiveCfg = Release|x64
		{BD64AB20-2AAD-48A1-A37D-32D10C2D064B}.Release|x64.Build.0 = Release|x64
		{BD64AB20-2AAD-48A1-A37D-32D10C2D064B}.Release|x86.ActiveCfg = Release|Win32
		{BD64AB20-2AAD-48A1-A37D-32D10C2D064B}.Release|x86.Build.0 = Release|Win32
		{190F0D06-86B1-46C5-A4E2-3117029CB901}.Debug|x64.ActiveCfg = Debug|x64
		{190F0D06-86B1-46C5-A4E2-3117029CB901}.Debug|x64.Build.0 = Debug|x64
		{190F0D06-86B1-46C5-A4E2-3117029CB901}.Debug|x86.ActiveCfg = Debug|Win32
		{190F0D06-86B1-46C5-A4E2-3117029CB901}.Debug|x86.Build.0 = Debug|Win32
		{190F0D06-86B1-46C5-A4E2-3117029CB901}.Release|x64.ActiveCfg = Release|x64
		{190F0D06-86B1-46C5-A4E2-3117029CB901}.Release|x64.Build.0 = Release|x64
		{190F0D06-86B1-46C5-A4E2-3117029CB901}.Release|x86.ActiveCfg = Release|Win32
		{190F0D06-86B1-46C5-A4E2-3117029CB901}.Release|x86.Build.0 = Release|Win32
		{289BF056-DAF0-4FCB-9AE0-8C0EB915EBFD}.Debug|x64.ActiveCfg = Debug|x64
		{289BF056-DAF0-4FCB-9AE0-8C0EB915EBFD}.Debug|x64.Build.0 = Debug|x64
		{289BF056-DAF0-4FCB-9AE0-8C0EB915EBFD}.Debug|x86.ActiveCfg = Debug|Win32
		{289BF056-DAF0-4FCB-9AE0-8C0EB915EBFD}.Debug|x86.Build.0 = Debug|Win32
		{289BF056-DAF0-4FCB-9AE0-8C0EB915EBFD}.Release|x64.ActiveCfg = Release|x64
		{289BF056-DAF0-4FCB-9AE0-8C0EB915EBFD}.Release|x64.Build.0 = Release|x64
		{289BF056-DAF0-4FCB-9AE0-8C0EB915EBFD}.Release|x86.ActiveCfg = Release|Win32
		{289BF056-DAF0-4FCB-9AE0-8C0EB915EBFD}.Release|x86.Build.0 = Release|Win32
	EndGlobalSection
	GlobalSection(SolutionProperties) = preSolution
		HideSolutionNode = FALSE
	EndGlobalSection
	GlobalSection(ExtensibilityGlobals) = postSolution
		SolutionGuid = {3C250E45-BB30-41E6-924F-956E53EA3B2C}
	EndGlobalSection
EndGlobal
